
Microsoft Visual Studio Solution File, Format Version 12.00
# Visual Studio Version 16
VisualStudioVersion = 16.0.30611.23
MinimumVisualStudioVersion = 10.0.40219.1
Project("{8BC9CEB8-8B4A-11D0-8D11-00A0C91BC942}") = "CSCI 3070U - Divide and Conquer Activity", "CSCI 3070U - Divide and Conquer Activity\CSCI 3070U - Divide and Conquer Activity.vcxproj", "{14F9B282-8BEE-443D-9036-4E7521733F53}"
EndProject
Global
	GlobalSection(SolutionConfigurationPlatforms) = preSolution
		Debug|x64 = Debug|x64
		Debug|x86 = Debug|x86
		Release|x64 = Release|x64
		Release|x86 = Release|x86
	EndGlobalSection
	GlobalSection(ProjectConfigurationPlatforms) = postSolution
		{14F9B282-8BEE-443D-9036-4E7521733F53}.Debug|x64.ActiveCfg = Debug|x64
		{14F9B282-8BEE-443D-9036-4E7521733F53}.Debug|x64.Build.0 = Debug|x64
		{14F9B282-8BEE-443D-9036-4E7521733F53}.Debug|x86.ActiveCfg = Debug|Win32
		{14F9B282-8BEE-443D-9036-4E7521733F53}.Debug|x86.Build.0 = Debug|Win32
		{14F9B282-8BEE-443D-9036-4E7521733F53}.Release|x64.ActiveCfg = Release|x64
		{14F9B282-8BEE-443D-9036-4E7521733F53}.Release|x64.Build.0 = Release|x64
		{14F9B282-8BEE-443D-9036-4E7521733F53}.Release|x86.ActiveCfg = Release|Win32
		{14F9B282-8BEE-443D-9036-4E7521733F53}.Release|x86.Build.0 = Release|Win32
	EndGlobalSection
	GlobalSection(SolutionProperties) = preSolution
		HideSolutionNode = FALSE
	EndGlobalSection
	GlobalSection(ExtensibilityGlobals) = postSolution
		SolutionGuid = {B431BC36-4A59-486B-AA16-E45D4F23F4CB}
	EndGlobalSection
EndGlobal
